// !$*UTF8*$!
{
	archiveVersion = 1;
	classes = {
	};
	objectVersion = 46;
	objects = {

/* Begin PBXBuildFile section */
		7D39AAE81E5A0BE900D8C77C /* Introduction.swift in Sources */ = {isa = PBXBuildFile; fileRef = 7D39AAE71E5A0BE900D8C77C /* Introduction.swift */; };
		7DF0F9871E5961CB003B0DE1 /* HeadlinesCollectionViewCell.swift in Sources */ = {isa = PBXBuildFile; fileRef = 7DF0F9861E5961CB003B0DE1 /* HeadlinesCollectionViewCell.swift */; };
		7DFE85D01E58EA82003E3FD3 /* SearchViewController.swift in Sources */ = {isa = PBXBuildFile; fileRef = 7DFE85CF1E58EA82003E3FD3 /* SearchViewController.swift */; };
		7DFE85D21E58EAED003E3FD3 /* RepresentativeTableViewController.swift in Sources */ = {isa = PBXBuildFile; fileRef = 7DFE85D11E58EAED003E3FD3 /* RepresentativeTableViewController.swift */; };
		7DFE85D41E58EB35003E3FD3 /* RepresentativesTableViewCell.swift in Sources */ = {isa = PBXBuildFile; fileRef = 7DFE85D31E58EB35003E3FD3 /* RepresentativesTableViewCell.swift */; };
		7DFE85D61E58EB58003E3FD3 /* RepDetailsViewController.swift in Sources */ = {isa = PBXBuildFile; fileRef = 7DFE85D51E58EB58003E3FD3 /* RepDetailsViewController.swift */; };
		7DFE85D81E58F163003E3FD3 /* WebViewController.swift in Sources */ = {isa = PBXBuildFile; fileRef = 7DFE85D71E58F163003E3FD3 /* WebViewController.swift */; };
		814CEBD71E58CA5500614741 /* RepInfo.swift in Sources */ = {isa = PBXBuildFile; fileRef = 814CEBD61E58CA5500614741 /* RepInfo.swift */; };
		819189DF1E58906F0060CFC9 /* AppDelegate.swift in Sources */ = {isa = PBXBuildFile; fileRef = 819189DE1E58906F0060CFC9 /* AppDelegate.swift */; };
		819189E41E58906F0060CFC9 /* Main.storyboard in Resources */ = {isa = PBXBuildFile; fileRef = 819189E21E58906F0060CFC9 /* Main.storyboard */; };
		819189E61E58906F0060CFC9 /* Assets.xcassets in Resources */ = {isa = PBXBuildFile; fileRef = 819189E51E58906F0060CFC9 /* Assets.xcassets */; };
		819189E91E58906F0060CFC9 /* LaunchScreen.storyboard in Resources */ = {isa = PBXBuildFile; fileRef = 819189E71E58906F0060CFC9 /* LaunchScreen.storyboard */; };
		819189F61E589F8E0060CFC9 /* Election.swift in Sources */ = {isa = PBXBuildFile; fileRef = 819189F51E589F8E0060CFC9 /* Election.swift */; };
		819189F91E58A2210060CFC9 /* VoterInfo.swift in Sources */ = {isa = PBXBuildFile; fileRef = 819189F81E58A2210060CFC9 /* VoterInfo.swift */; };
		819189FB1E58A2BB0060CFC9 /* PollLocation.swift in Sources */ = {isa = PBXBuildFile; fileRef = 819189FA1E58A2BB0060CFC9 /* PollLocation.swift */; };
		819189FD1E58A6770060CFC9 /* VoteAdminBody.swift in Sources */ = {isa = PBXBuildFile; fileRef = 819189FC1E58A6770060CFC9 /* VoteAdminBody.swift */; };
		819189FF1E58A84F0060CFC9 /* Address.swift in Sources */ = {isa = PBXBuildFile; fileRef = 819189FE1E58A84F0060CFC9 /* Address.swift */; };
		81918A011E58BB540060CFC9 /* APIManager.swift in Sources */ = {isa = PBXBuildFile; fileRef = 81918A001E58BB540060CFC9 /* APIManager.swift */; };
		81AD80F51E58DBED002D45DF /* Article.swift in Sources */ = {isa = PBXBuildFile; fileRef = 81AD80F41E58DBED002D45DF /* Article.swift */; };
		D396A79C1E58F146005F14BA /* StyleManager.swift in Sources */ = {isa = PBXBuildFile; fileRef = D396A79B1E58F146005F14BA /* StyleManager.swift */; };
		D396A79E1E58FDD1005F14BA /* Extension+UIColor.swift in Sources */ = {isa = PBXBuildFile; fileRef = D396A79D1E58FDD1005F14BA /* Extension+UIColor.swift */; };
		D396A7A41E59551D005F14BA /* SplashAnimationViewController.swift in Sources */ = {isa = PBXBuildFile; fileRef = D396A7A31E59551D005F14BA /* SplashAnimationViewController.swift */; };
		D396A7A81E59FB7B005F14BA /* CustomAlert.swift in Sources */ = {isa = PBXBuildFile; fileRef = D396A7A71E59FB7B005F14BA /* CustomAlert.swift */; };
		D48CB0625C48009591C1326C /* Pods_Vote.framework in Frameworks */ = {isa = PBXBuildFile; fileRef = 7B376F65FACDAF0CEA87FB67 /* Pods_Vote.framework */; };
/* End PBXBuildFile section */

/* Begin PBXFileReference section */
		5A54C9E3A71C932F259EE168 /* Pods-Vote.release.xcconfig */ = {isa = PBXFileReference; includeInIndex = 1; lastKnownFileType = text.xcconfig; name = "Pods-Vote.release.xcconfig"; path = "Pods/Target Support Files/Pods-Vote/Pods-Vote.release.xcconfig"; sourceTree = "<group>"; };
		7B376F65FACDAF0CEA87FB67 /* Pods_Vote.framework */ = {isa = PBXFileReference; explicitFileType = wrapper.framework; includeInIndex = 0; path = Pods_Vote.framework; sourceTree = BUILT_PRODUCTS_DIR; };
		7D39AAE71E5A0BE900D8C77C /* Introduction.swift */ = {isa = PBXFileReference; fileEncoding = 4; lastKnownFileType = sourcecode.swift; path = Introduction.swift; sourceTree = "<group>"; };
		7DF0F9861E5961CB003B0DE1 /* HeadlinesCollectionViewCell.swift */ = {isa = PBXFileReference; fileEncoding = 4; lastKnownFileType = sourcecode.swift; path = HeadlinesCollectionViewCell.swift; sourceTree = "<group>"; };
		7DFE85CF1E58EA82003E3FD3 /* SearchViewController.swift */ = {isa = PBXFileReference; fileEncoding = 4; lastKnownFileType = sourcecode.swift; path = SearchViewController.swift; sourceTree = "<group>"; };
		7DFE85D11E58EAED003E3FD3 /* RepresentativeTableViewController.swift */ = {isa = PBXFileReference; fileEncoding = 4; lastKnownFileType = sourcecode.swift; path = RepresentativeTableViewController.swift; sourceTree = "<group>"; };
		7DFE85D31E58EB35003E3FD3 /* RepresentativesTableViewCell.swift */ = {isa = PBXFileReference; fileEncoding = 4; lastKnownFileType = sourcecode.swift; path = RepresentativesTableViewCell.swift; sourceTree = "<group>"; };
		7DFE85D51E58EB58003E3FD3 /* RepDetailsViewController.swift */ = {isa = PBXFileReference; fileEncoding = 4; lastKnownFileType = sourcecode.swift; path = RepDetailsViewController.swift; sourceTree = "<group>"; };
		7DFE85D71E58F163003E3FD3 /* WebViewController.swift */ = {isa = PBXFileReference; fileEncoding = 4; lastKnownFileType = sourcecode.swift; path = WebViewController.swift; sourceTree = "<group>"; };
		814CEBD61E58CA5500614741 /* RepInfo.swift */ = {isa = PBXFileReference; fileEncoding = 4; lastKnownFileType = sourcecode.swift; path = RepInfo.swift; sourceTree = "<group>"; };
		819189DB1E58906F0060CFC9 /* Vote.app */ = {isa = PBXFileReference; explicitFileType = wrapper.application; includeInIndex = 0; path = Vote.app; sourceTree = BUILT_PRODUCTS_DIR; };
		819189DE1E58906F0060CFC9 /* AppDelegate.swift */ = {isa = PBXFileReference; lastKnownFileType = sourcecode.swift; path = AppDelegate.swift; sourceTree = "<group>"; };
		819189E31E58906F0060CFC9 /* Base */ = {isa = PBXFileReference; lastKnownFileType = file.storyboard; name = Base; path = Base.lproj/Main.storyboard; sourceTree = "<group>"; };
		819189E51E58906F0060CFC9 /* Assets.xcassets */ = {isa = PBXFileReference; lastKnownFileType = folder.assetcatalog; path = Assets.xcassets; sourceTree = "<group>"; };
		819189E81E58906F0060CFC9 /* Base */ = {isa = PBXFileReference; lastKnownFileType = file.storyboard; name = Base; path = Base.lproj/LaunchScreen.storyboard; sourceTree = "<group>"; };
		819189EA1E58906F0060CFC9 /* Info.plist */ = {isa = PBXFileReference; lastKnownFileType = text.plist.xml; path = Info.plist; sourceTree = "<group>"; };
		819189F51E589F8E0060CFC9 /* Election.swift */ = {isa = PBXFileReference; fileEncoding = 4; lastKnownFileType = sourcecode.swift; path = Election.swift; sourceTree = "<group>"; };
		819189F81E58A2210060CFC9 /* VoterInfo.swift */ = {isa = PBXFileReference; fileEncoding = 4; lastKnownFileType = sourcecode.swift; path = VoterInfo.swift; sourceTree = "<group>"; };
		819189FA1E58A2BB0060CFC9 /* PollLocation.swift */ = {isa = PBXFileReference; fileEncoding = 4; lastKnownFileType = sourcecode.swift; path = PollLocation.swift; sourceTree = "<group>"; };
		819189FC1E58A6770060CFC9 /* VoteAdminBody.swift */ = {isa = PBXFileReference; fileEncoding = 4; lastKnownFileType = sourcecode.swift; path = VoteAdminBody.swift; sourceTree = "<group>"; };
		819189FE1E58A84F0060CFC9 /* Address.swift */ = {isa = PBXFileReference; fileEncoding = 4; lastKnownFileType = sourcecode.swift; path = Address.swift; sourceTree = "<group>"; };
		81918A001E58BB540060CFC9 /* APIManager.swift */ = {isa = PBXFileReference; fileEncoding = 4; lastKnownFileType = sourcecode.swift; path = APIManager.swift; sourceTree = "<group>"; };
		81AD80F41E58DBED002D45DF /* Article.swift */ = {isa = PBXFileReference; fileEncoding = 4; lastKnownFileType = sourcecode.swift; path = Article.swift; sourceTree = "<group>"; };
		9E8D478BBA950E1869A5C8F0 /* Pods-Vote.debug.xcconfig */ = {isa = PBXFileReference; includeInIndex = 1; lastKnownFileType = text.xcconfig; name = "Pods-Vote.debug.xcconfig"; path = "Pods/Target Support Files/Pods-Vote/Pods-Vote.debug.xcconfig"; sourceTree = "<group>"; };
		D396A79B1E58F146005F14BA /* StyleManager.swift */ = {isa = PBXFileReference; fileEncoding = 4; lastKnownFileType = sourcecode.swift; path = StyleManager.swift; sourceTree = "<group>"; };
		D396A79D1E58FDD1005F14BA /* Extension+UIColor.swift */ = {isa = PBXFileReference; fileEncoding = 4; lastKnownFileType = sourcecode.swift; path = "Extension+UIColor.swift"; sourceTree = "<group>"; };
		D396A7A31E59551D005F14BA /* SplashAnimationViewController.swift */ = {isa = PBXFileReference; fileEncoding = 4; lastKnownFileType = sourcecode.swift; path = SplashAnimationViewController.swift; sourceTree = "<group>"; };
		D396A7A71E59FB7B005F14BA /* CustomAlert.swift */ = {isa = PBXFileReference; fileEncoding = 4; lastKnownFileType = sourcecode.swift; path = CustomAlert.swift; sourceTree = "<group>"; };
/* End PBXFileReference section */

/* Begin PBXFrameworksBuildPhase section */
		819189D81E58906F0060CFC9 /* Frameworks */ = {
			isa = PBXFrameworksBuildPhase;
			buildActionMask = 2147483647;
			files = (
				D48CB0625C48009591C1326C /* Pods_Vote.framework in Frameworks */,
			);
			runOnlyForDeploymentPostprocessing = 0;
		};
/* End PBXFrameworksBuildPhase section */

/* Begin PBXGroup section */
		6BE078F2FB3AD8ECF4D58814 /* Frameworks */ = {
			isa = PBXGroup;
			children = (
				7B376F65FACDAF0CEA87FB67 /* Pods_Vote.framework */,
			);
			name = Frameworks;
			sourceTree = "<group>";
		};
		7056E73311C082C4FA0D5498 /* Pods */ = {
			isa = PBXGroup;
			children = (
				9E8D478BBA950E1869A5C8F0 /* Pods-Vote.debug.xcconfig */,
				5A54C9E3A71C932F259EE168 /* Pods-Vote.release.xcconfig */,
			);
			name = Pods;
			sourceTree = "<group>";
		};
		819189D21E58906F0060CFC9 = {
			isa = PBXGroup;
			children = (
				819189DD1E58906F0060CFC9 /* Vote */,
				819189DC1E58906F0060CFC9 /* Products */,
				7056E73311C082C4FA0D5498 /* Pods */,
				6BE078F2FB3AD8ECF4D58814 /* Frameworks */,
			);
			sourceTree = "<group>";
		};
		819189DC1E58906F0060CFC9 /* Products */ = {
			isa = PBXGroup;
			children = (
				819189DB1E58906F0060CFC9 /* Vote.app */,
			);
			name = Products;
			sourceTree = "<group>";
		};
		819189DD1E58906F0060CFC9 /* Vote */ = {
			isa = PBXGroup;
			children = (
				819189F71E58A1FE0060CFC9 /* Managers */,
				819189F41E589DE40060CFC9 /* Model */,
				819189F01E589DBF0060CFC9 /* Supporting Files */,
				819189F11E589DC70060CFC9 /* View Controller */,
				819189F21E589DD00060CFC9 /* StoryBoard */,
			);
			path = Vote;
			sourceTree = "<group>";
		};
		819189F01E589DBF0060CFC9 /* Supporting Files */ = {
			isa = PBXGroup;
			children = (
				D396A7A71E59FB7B005F14BA /* CustomAlert.swift */,
				819189DE1E58906F0060CFC9 /* AppDelegate.swift */,
				D396A7A31E59551D005F14BA /* SplashAnimationViewController.swift */,
				819189E51E58906F0060CFC9 /* Assets.xcassets */,
				819189E71E58906F0060CFC9 /* LaunchScreen.storyboard */,
				819189EA1E58906F0060CFC9 /* Info.plist */,
				D396A79D1E58FDD1005F14BA /* Extension+UIColor.swift */,
			);
			name = "Supporting Files";
			sourceTree = "<group>";
		};
		819189F11E589DC70060CFC9 /* View Controller */ = {
			isa = PBXGroup;
			children = (
				7DFE85CF1E58EA82003E3FD3 /* SearchViewController.swift */,
				7DFE85D51E58EB58003E3FD3 /* RepDetailsViewController.swift */,
				7DFE85D11E58EAED003E3FD3 /* RepresentativeTableViewController.swift */,
				7DFE85D31E58EB35003E3FD3 /* RepresentativesTableViewCell.swift */,
				7DFE85D71E58F163003E3FD3 /* WebViewController.swift */,
				7DF0F9861E5961CB003B0DE1 /* HeadlinesCollectionViewCell.swift */,
				7D39AAE71E5A0BE900D8C77C /* Introduction.swift */,
			);
			name = "View Controller";
			sourceTree = "<group>";
		};
		819189F21E589DD00060CFC9 /* StoryBoard */ = {
			isa = PBXGroup;
			children = (
				819189E21E58906F0060CFC9 /* Main.storyboard */,
			);
			name = StoryBoard;
			sourceTree = "<group>";
		};
		819189F41E589DE40060CFC9 /* Model */ = {
			isa = PBXGroup;
			children = (
				819189F51E589F8E0060CFC9 /* Election.swift */,
				819189F81E58A2210060CFC9 /* VoterInfo.swift */,
				814CEBD61E58CA5500614741 /* RepInfo.swift */,
				819189FC1E58A6770060CFC9 /* VoteAdminBody.swift */,
				819189FA1E58A2BB0060CFC9 /* PollLocation.swift */,
				819189FE1E58A84F0060CFC9 /* Address.swift */,
				81AD80F41E58DBED002D45DF /* Article.swift */,
			);
			name = Model;
			sourceTree = "<group>";
		};
		819189F71E58A1FE0060CFC9 /* Managers */ = {
			isa = PBXGroup;
			children = (
				81918A001E58BB540060CFC9 /* APIManager.swift */,
				D396A79B1E58F146005F14BA /* StyleManager.swift */,
			);
			name = Managers;
			sourceTree = "<group>";
		};
/* End PBXGroup section */

/* Begin PBXNativeTarget section */
		819189DA1E58906F0060CFC9 /* Vote */ = {
			isa = PBXNativeTarget;
			buildConfigurationList = 819189ED1E58906F0060CFC9 /* Build configuration list for PBXNativeTarget "Vote" */;
			buildPhases = (
				E2FD77DAD05E6568BE16EDFB /* [CP] Check Pods Manifest.lock */,
				819189D71E58906F0060CFC9 /* Sources */,
				819189D81E58906F0060CFC9 /* Frameworks */,
				819189D91E58906F0060CFC9 /* Resources */,
				2CA056756CF1C230B08F29B9 /* [CP] Embed Pods Frameworks */,
				C114720C1783DD1A30E1C298 /* [CP] Copy Pods Resources */,
			);
			buildRules = (
			);
			dependencies = (
			);
			name = Vote;
			productName = Vote;
			productReference = 819189DB1E58906F0060CFC9 /* Vote.app */;
			productType = "com.apple.product-type.application";
		};
/* End PBXNativeTarget section */

/* Begin PBXProject section */
		819189D31E58906F0060CFC9 /* Project object */ = {
			isa = PBXProject;
			attributes = {
				LastSwiftUpdateCheck = 0820;
				LastUpgradeCheck = 0820;
				ORGANIZATIONNAME = C4Q;
				TargetAttributes = {
					819189DA1E58906F0060CFC9 = {
						CreatedOnToolsVersion = 8.2.1;
						DevelopmentTeam = N2N3K3G7JW;
						ProvisioningStyle = Automatic;
					};
				};
			};
			buildConfigurationList = 819189D61E58906F0060CFC9 /* Build configuration list for PBXProject "Vote" */;
			compatibilityVersion = "Xcode 3.2";
			developmentRegion = English;
			hasScannedForEncodings = 0;
			knownRegions = (
				en,
				Base,
			);
			mainGroup = 819189D21E58906F0060CFC9;
			productRefGroup = 819189DC1E58906F0060CFC9 /* Products */;
			projectDirPath = "";
			projectRoot = "";
			targets = (
				819189DA1E58906F0060CFC9 /* Vote */,
			);
		};
/* End PBXProject section */

/* Begin PBXResourcesBuildPhase section */
		819189D91E58906F0060CFC9 /* Resources */ = {
			isa = PBXResourcesBuildPhase;
			buildActionMask = 2147483647;
			files = (
				819189E91E58906F0060CFC9 /* LaunchScreen.storyboard in Resources */,
				819189E61E58906F0060CFC9 /* Assets.xcassets in Resources */,
				819189E41E58906F0060CFC9 /* Main.storyboard in Resources */,
			);
			runOnlyForDeploymentPostprocessing = 0;
		};
/* End PBXResourcesBuildPhase section */

/* Begin PBXShellScriptBuildPhase section */
		2CA056756CF1C230B08F29B9 /* [CP] Embed Pods Frameworks */ = {
			isa = PBXShellScriptBuildPhase;
			buildActionMask = 2147483647;
			files = (
			);
			inputPaths = (
			);
			name = "[CP] Embed Pods Frameworks";
			outputPaths = (
			);
			runOnlyForDeploymentPostprocessing = 0;
			shellPath = /bin/sh;
			shellScript = "\"${SRCROOT}/Pods/Target Support Files/Pods-Vote/Pods-Vote-frameworks.sh\"\n";
			showEnvVarsInLog = 0;
		};
		C114720C1783DD1A30E1C298 /* [CP] Copy Pods Resources */ = {
			isa = PBXShellScriptBuildPhase;
			buildActionMask = 2147483647;
			files = (
			);
			inputPaths = (
			);
			name = "[CP] Copy Pods Resources";
			outputPaths = (
			);
			runOnlyForDeploymentPostprocessing = 0;
			shellPath = /bin/sh;
			shellScript = "\"${SRCROOT}/Pods/Target Support Files/Pods-Vote/Pods-Vote-resources.sh\"\n";
			showEnvVarsInLog = 0;
		};
		E2FD77DAD05E6568BE16EDFB /* [CP] Check Pods Manifest.lock */ = {
			isa = PBXShellScriptBuildPhase;
			buildActionMask = 2147483647;
			files = (
			);
			inputPaths = (
			);
			name = "[CP] Check Pods Manifest.lock";
			outputPaths = (
			);
			runOnlyForDeploymentPostprocessing = 0;
			shellPath = /bin/sh;
			shellScript = "diff \"${PODS_ROOT}/../Podfile.lock\" \"${PODS_ROOT}/Manifest.lock\" > /dev/null\nif [ $? != 0 ] ; then\n    # print error to STDERR\n    echo \"error: The sandbox is not in sync with the Podfile.lock. Run 'pod install' or update your CocoaPods installation.\" >&2\n    exit 1\nfi\n";
			showEnvVarsInLog = 0;
		};
/* End PBXShellScriptBuildPhase section */

/* Begin PBXSourcesBuildPhase section */
		819189D71E58906F0060CFC9 /* Sources */ = {
			isa = PBXSourcesBuildPhase;
			buildActionMask = 2147483647;
			files = (
				81918A011E58BB540060CFC9 /* APIManager.swift in Sources */,
				7DFE85D01E58EA82003E3FD3 /* SearchViewController.swift in Sources */,
				7DFE85D21E58EAED003E3FD3 /* RepresentativeTableViewController.swift in Sources */,
				7DFE85D41E58EB35003E3FD3 /* RepresentativesTableViewCell.swift in Sources */,
				819189DF1E58906F0060CFC9 /* AppDelegate.swift in Sources */,
				7DF0F9871E5961CB003B0DE1 /* HeadlinesCollectionViewCell.swift in Sources */,
				819189F91E58A2210060CFC9 /* VoterInfo.swift in Sources */,
				7DFE85D81E58F163003E3FD3 /* WebViewController.swift in Sources */,
				7DFE85D61E58EB58003E3FD3 /* RepDetailsViewController.swift in Sources */,
				81AD80F51E58DBED002D45DF /* Article.swift in Sources */,
				D396A7A41E59551D005F14BA /* SplashAnimationViewController.swift in Sources */,
				819189FB1E58A2BB0060CFC9 /* PollLocation.swift in Sources */,
				819189F61E589F8E0060CFC9 /* Election.swift in Sources */,
				819189FD1E58A6770060CFC9 /* VoteAdminBody.swift in Sources */,
				D396A79E1E58FDD1005F14BA /* Extension+UIColor.swift in Sources */,
				814CEBD71E58CA5500614741 /* RepInfo.swift in Sources */,
				819189FF1E58A84F0060CFC9 /* Address.swift in Sources */,
				7D39AAE81E5A0BE900D8C77C /* Introduction.swift in Sources */,
				D396A79C1E58F146005F14BA /* StyleManager.swift in Sources */,
				D396A7A81E59FB7B005F14BA /* CustomAlert.swift in Sources */,
			);
			runOnlyForDeploymentPostprocessing = 0;
		};
/* End PBXSourcesBuildPhase section */

/* Begin PBXVariantGroup section */
		819189E21E58906F0060CFC9 /* Main.storyboard */ = {
			isa = PBXVariantGroup;
			children = (
				819189E31E58906F0060CFC9 /* Base */,
			);
			name = Main.storyboard;
			sourceTree = "<group>";
		};
		819189E71E58906F0060CFC9 /* LaunchScreen.storyboard */ = {
			isa = PBXVariantGroup;
			children = (
				819189E81E58906F0060CFC9 /* Base */,
			);
			name = LaunchScreen.storyboard;
			sourceTree = "<group>";
		};
/* End PBXVariantGroup section */

/* Begin XCBuildConfiguration section */
		819189EB1E58906F0060CFC9 /* Debug */ = {
			isa = XCBuildConfiguration;
			buildSettings = {
				ALWAYS_SEARCH_USER_PATHS = NO;
				CLANG_ANALYZER_NONNULL = YES;
				CLANG_CXX_LANGUAGE_STANDARD = "gnu++0x";
				CLANG_CXX_LIBRARY = "libc++";
				CLANG_ENABLE_MODULES = YES;
				CLANG_ENABLE_OBJC_ARC = YES;
				CLANG_WARN_BOOL_CONVERSION = YES;
				CLANG_WARN_CONSTANT_CONVERSION = YES;
				CLANG_WARN_DIRECT_OBJC_ISA_USAGE = YES_ERROR;
				CLANG_WARN_DOCUMENTATION_COMMENTS = YES;
				CLANG_WARN_EMPTY_BODY = YES;
				CLANG_WARN_ENUM_CONVERSION = YES;
				CLANG_WARN_INFINITE_RECURSION = YES;
				CLANG_WARN_INT_CONVERSION = YES;
				CLANG_WARN_OBJC_ROOT_CLASS = YES_ERROR;
				CLANG_WARN_SUSPICIOUS_MOVE = YES;
				CLANG_WARN_UNREACHABLE_CODE = YES;
				CLANG_WARN__DUPLICATE_METHOD_MATCH = YES;
				CODE_SIGN_IDENTITY = "iPhone Developer";
				"CODE_SIGN_IDENTITY[sdk=iphoneos*]" = "iPhone Developer";
				COPY_PHASE_STRIP = NO;
				DEBUG_INFORMATION_FORMAT = dwarf;
				ENABLE_STRICT_OBJC_MSGSEND = YES;
				ENABLE_TESTABILITY = YES;
				GCC_C_LANGUAGE_STANDARD = gnu99;
				GCC_DYNAMIC_NO_PIC = NO;
				GCC_NO_COMMON_BLOCKS = YES;
				GCC_OPTIMIZATION_LEVEL = 0;
				GCC_PREPROCESSOR_DEFINITIONS = (
					"DEBUG=1",
					"$(inherited)",
				);
				GCC_WARN_64_TO_32_BIT_CONVERSION = YES;
				GCC_WARN_ABOUT_RETURN_TYPE = YES_ERROR;
				GCC_WARN_UNDECLARED_SELECTOR = YES;
				GCC_WARN_UNINITIALIZED_AUTOS = YES_AGGRESSIVE;
				GCC_WARN_UNUSED_FUNCTION = YES;
				GCC_WARN_UNUSED_VARIABLE = YES;
				IPHONEOS_DEPLOYMENT_TARGET = 10.1;
				MTL_ENABLE_DEBUG_INFO = YES;
				ONLY_ACTIVE_ARCH = YES;
				SDKROOT = iphoneos;
				SWIFT_ACTIVE_COMPILATION_CONDITIONS = DEBUG;
				SWIFT_OPTIMIZATION_LEVEL = "-Onone";
				TARGETED_DEVICE_FAMILY = "1,2";
			};
			name = Debug;
		};
		819189EC1E58906F0060CFC9 /* Release */ = {
			isa = XCBuildConfiguration;
			buildSettings = {
				ALWAYS_SEARCH_USER_PATHS = NO;
				CLANG_ANALYZER_NONNULL = YES;
				CLANG_CXX_LANGUAGE_STANDARD = "gnu++0x";
				CLANG_CXX_LIBRARY = "libc++";
				CLANG_ENABLE_MODULES = YES;
				CLANG_ENABLE_OBJC_ARC = YES;
				CLANG_WARN_BOOL_CONVERSION = YES;
				CLANG_WARN_CONSTANT_CONVERSION = YES;
				CLANG_WARN_DIRECT_OBJC_ISA_USAGE = YES_ERROR;
				CLANG_WARN_DOCUMENTATION_COMMENTS = YES;
				CLANG_WARN_EMPTY_BODY = YES;
				CLANG_WARN_ENUM_CONVERSION = YES;
				CLANG_WARN_INFINITE_RECURSION = YES;
				CLANG_WARN_INT_CONVERSION = YES;
				CLANG_WARN_OBJC_ROOT_CLASS = YES_ERROR;
				CLANG_WARN_SUSPICIOUS_MOVE = YES;
				CLANG_WARN_UNREACHABLE_CODE = YES;
				CLANG_WARN__DUPLICATE_METHOD_MATCH = YES;
				CODE_SIGN_IDENTITY = "iPhone Developer";
				"CODE_SIGN_IDENTITY[sdk=iphoneos*]" = "iPhone Developer";
				COPY_PHASE_STRIP = NO;
				DEBUG_INFORMATION_FORMAT = "dwarf-with-dsym";
				ENABLE_NS_ASSERTIONS = NO;
				ENABLE_STRICT_OBJC_MSGSEND = YES;
				GCC_C_LANGUAGE_STANDARD = gnu99;
				GCC_NO_COMMON_BLOCKS = YES;
				GCC_WARN_64_TO_32_BIT_CONVERSION = YES;
				GCC_WARN_ABOUT_RETURN_TYPE = YES_ERROR;
				GCC_WARN_UNDECLARED_SELECTOR = YES;
				GCC_WARN_UNINITIALIZED_AUTOS = YES_AGGRESSIVE;
				GCC_WARN_UNUSED_FUNCTION = YES;
				GCC_WARN_UNUSED_VARIABLE = YES;
				IPHONEOS_DEPLOYMENT_TARGET = 10.1;
				MTL_ENABLE_DEBUG_INFO = NO;
				SDKROOT = iphoneos;
				SWIFT_OPTIMIZATION_LEVEL = "-Owholemodule";
				TARGETED_DEVICE_FAMILY = "1,2";
				VALIDATE_PRODUCT = YES;
			};
			name = Release;
		};
		819189EE1E58906F0060CFC9 /* Debug */ = {
			isa = XCBuildConfiguration;
			baseConfigurationReference = 9E8D478BBA950E1869A5C8F0 /* Pods-Vote.debug.xcconfig */;
			buildSettings = {
				ASSETCATALOG_COMPILER_APPICON_NAME = AppIcon;
				DEVELOPMENT_TEAM = N2N3K3G7JW;
				INFOPLIST_FILE = Vote/Info.plist;
				IPHONEOS_DEPLOYMENT_TARGET = 10.1;
				LD_RUNPATH_SEARCH_PATHS = "$(inherited) @executable_path/Frameworks";
				PRODUCT_BUNDLE_IDENTIFIER = nyc.c4q.liamkane.Vote;
				PRODUCT_NAME = "$(TARGET_NAME)";
				SWIFT_VERSION = 3.0;
			};
			name = Debug;
		};
		819189EF1E58906F0060CFC9 /* Release */ = {
			isa = XCBuildConfiguration;
			baseConfigurationReference = 5A54C9E3A71C932F259EE168 /* Pods-Vote.release.xcconfig */;
			buildSettings = {
				ASSETCATALOG_COMPILER_APPICON_NAME = AppIcon;
				DEVELOPMENT_TEAM = N2N3K3G7JW;
				INFOPLIST_FILE = Vote/Info.plist;
				IPHONEOS_DEPLOYMENT_TARGET = 10.1;
				LD_RUNPATH_SEARCH_PATHS = "$(inherited) @executable_path/Frameworks";
				PRODUCT_BUNDLE_IDENTIFIER = nyc.c4q.liamkane.Vote;
				PRODUCT_NAME = "$(TARGET_NAME)";
				SWIFT_VERSION = 3.0;
			};
			name = Release;
		};
/* End XCBuildConfiguration section */

/* Begin XCConfigurationList section */
		819189D61E58906F0060CFC9 /* Build configuration list for PBXProject "Vote" */ = {
			isa = XCConfigurationList;
			buildConfigurations = (
				819189EB1E58906F0060CFC9 /* Debug */,
				819189EC1E58906F0060CFC9 /* Release */,
			);
			defaultConfigurationIsVisible = 0;
			defaultConfigurationName = Release;
		};
		819189ED1E58906F0060CFC9 /* Build configuration list for PBXNativeTarget "Vote" */ = {
			isa = XCConfigurationList;
			buildConfigurations = (
				819189EE1E58906F0060CFC9 /* Debug */,
				819189EF1E58906F0060CFC9 /* Release */,
			);
			defaultConfigurationIsVisible = 0;
			defaultConfigurationName = Release;
		};
/* End XCConfigurationList section */
	};
	rootObject = 819189D31E58906F0060CFC9 /* Project object */;
}
